
Microsoft Visual Studio Solution File, Format Version 12.00
# Visual Studio Version 16
VisualStudioVersion = 16.0.31112.23
MinimumVisualStudioVersion = 15.0.26124.0
Project("{2150E333-8FDC-42A3-9474-1A3956D46DE8}") = "web", "web", "{A7B04BA2-703B-4121-9140-E4DAEA47391B}"
EndProject
Project("{9A19103F-16F7-4668-BE54-9A1E7A4F7556}") = "TIS.Todo.Api", "web\TIS.Todo.Api\TIS.Todo.Api.csproj", "{FD803791-F7AD-4182-8024-F1F0F3EB1694}"
EndProject
Project("{2150E333-8FDC-42A3-9474-1A3956D46DE8}") = "infrastructure", "infrastructure", "{17992CA7-1441-4425-9460-BCC9EAF65D7C}"
EndProject
Project("{9A19103F-16F7-4668-BE54-9A1E7A4F7556}") = "TIS.Todo.Data", "infrastructure\TIS.Todo.Data\TIS.Todo.Data.csproj", "{0B2C28B3-2BCC-423E-8909-B2D62B80F072}"
EndProject
Project("{2150E333-8FDC-42A3-9474-1A3956D46DE8}") = "core", "core", "{EADAAC24-AA6C-4161-9A26-E70FCE2DBB9C}"
EndProject
Project("{9A19103F-16F7-4668-BE54-9A1E7A4F7556}") = "TIS.Todo.Domain", "core\TIS.Todo.Domain\TIS.Todo.Domain.csproj", "{AF6ADC42-E0EC-41DA-907F-72ACB96433FC}"
EndProject
Project("{9A19103F-16F7-4668-BE54-9A1E7A4F7556}") = "TIS.Todo.Application", "core\TIS.Todo.Application\TIS.Todo.Application.csproj", "{563F3E2A-7E71-4344-BCC0-60EAAAB03EA8}"
EndProject
Project("{FAE04EC0-301F-11D3-BF4B-00C04F79EFBC}") = "TLS.Todo.Infrastructure", "infrastructure\TLS.Todo.Infrastructure\TLS.Todo.Infrastructure.csproj", "{36A5DBCC-5576-49B9-A7FA-41555382DEB0}"
EndProject
Project("{2150E333-8FDC-42A3-9474-1A3956D46DE8}") = "tests", "tests", "{90D06992-9D35-455E-BD24-8A9BADE86D93}"
EndProject
Project("{FAE04EC0-301F-11D3-BF4B-00C04F79EFBC}") = "TIS.Todo.Application.Tests", "tests\TIS.Todo.Application.Tests\TIS.Todo.Application.Tests.csproj", "{31849F33-EB40-47BE-B663-38B786EC29D3}"
EndProject
Global
	GlobalSection(SolutionConfigurationPlatforms) = preSolution
		Debug|Any CPU = Debug|Any CPU
		Debug|x64 = Debug|x64
		Debug|x86 = Debug|x86
		Release|Any CPU = Release|Any CPU
		Release|x64 = Release|x64
		Release|x86 = Release|x86
	EndGlobalSection
	GlobalSection(ProjectConfigurationPlatforms) = postSolution
		{FD803791-F7AD-4182-8024-F1F0F3EB1694}.Debug|Any CPU.ActiveCfg = Debug|Any CPU
		{FD803791-F7AD-4182-8024-F1F0F3EB1694}.Debug|Any CPU.Build.0 = Debug|Any CPU
		{FD803791-F7AD-4182-8024-F1F0F3EB1694}.Debug|x64.ActiveCfg = Debug|Any CPU
		{FD803791-F7AD-4182-8024-F1F0F3EB1694}.Debug|x64.Build.0 = Debug|Any CPU
		{FD803791-F7AD-4182-8024-F1F0F3EB1694}.Debug|x86.ActiveCfg = Debug|Any CPU
		{FD803791-F7AD-4182-8024-F1F0F3EB1694}.Debug|x86.Build.0 = Debug|Any CPU
		{FD803791-F7AD-4182-8024-F1F0F3EB1694}.Release|Any CPU.ActiveCfg = Release|Any CPU
		{FD803791-F7AD-4182-8024-F1F0F3EB1694}.Release|Any CPU.Build.0 = Release|Any CPU
		{FD803791-F7AD-4182-8024-F1F0F3EB1694}.Release|x64.ActiveCfg = Release|Any CPU
		{FD803791-F7AD-4182-8024-F1F0F3EB1694}.Release|x64.Build.0 = Release|Any CPU
		{FD803791-F7AD-4182-8024-F1F0F3EB1694}.Release|x86.ActiveCfg = Release|Any CPU
		{FD803791-F7AD-4182-8024-F1F0F3EB1694}.Release|x86.Build.0 = Release|Any CPU
		{0B2C28B3-2BCC-423E-8909-B2D62B80F072}.Debug|Any CPU.ActiveCfg = Debug|Any CPU
		{0B2C28B3-2BCC-423E-8909-B2D62B80F072}.Debug|Any CPU.Build.0 = Debug|Any CPU
		{0B2C28B3-2BCC-423E-8909-B2D62B80F072}.Debug|x64.ActiveCfg = Debug|Any CPU
		{0B2C28B3-2BCC-423E-8909-B2D62B80F072}.Debug|x64.Build.0 = Debug|Any CPU
		{0B2C28B3-2BCC-423E-8909-B2D62B80F072}.Debug|x86.ActiveCfg = Debug|Any CPU
		{0B2C28B3-2BCC-423E-8909-B2D62B80F072}.Debug|x86.Build.0 = Debug|Any CPU
		{0B2C28B3-2BCC-423E-8909-B2D62B80F072}.Release|Any CPU.ActiveCfg = Release|Any CPU
		{0B2C28B3-2BCC-423E-8909-B2D62B80F072}.Release|Any CPU.Build.0 = Release|Any CPU
		{0B2C28B3-2BCC-423E-8909-B2D62B80F072}.Release|x64.ActiveCfg = Release|Any CPU
		{0B2C28B3-2BCC-423E-8909-B2D62B80F072}.Release|x64.Build.0 = Release|Any CPU
		{0B2C28B3-2BCC-423E-8909-B2D62B80F072}.Release|x86.ActiveCfg = Release|Any CPU
		{0B2C28B3-2BCC-423E-8909-B2D62B80F072}.Release|x86.Build.0 = Release|Any CPU
		{AF6ADC42-E0EC-41DA-907F-72ACB96433FC}.Debug|Any CPU.ActiveCfg = Debug|Any CPU
		{AF6ADC42-E0EC-41DA-907F-72ACB96433FC}.Debug|Any CPU.Build.0 = Debug|Any CPU
		{AF6ADC42-E0EC-41DA-907F-72ACB96433FC}.Debug|x64.ActiveCfg = Debug|Any CPU
		{AF6ADC42-E0EC-41DA-907F-72ACB96433FC}.Debug|x64.Build.0 = Debug|Any CPU
		{AF6ADC42-E0EC-41DA-907F-72ACB96433FC}.Debug|x86.ActiveCfg = Debug|Any CPU
		{AF6ADC42-E0EC-41DA-907F-72ACB96433FC}.Debug|x86.Build.0 = Debug|Any CPU
		{AF6ADC42-E0EC-41DA-907F-72ACB96433FC}.Release|Any CPU.ActiveCfg = Release|Any CPU
		{AF6ADC42-E0EC-41DA-907F-72ACB96433FC}.Release|Any CPU.Build.0 = Release|Any CPU
		{AF6ADC42-E0EC-41DA-907F-72ACB96433FC}.Release|x64.ActiveCfg = Release|Any CPU
		{AF6ADC42-E0EC-41DA-907F-72ACB96433FC}.Release|x64.Build.0 = Release|Any CPU
		{AF6ADC42-E0EC-41DA-907F-72ACB96433FC}.Release|x86.ActiveCfg = Release|Any CPU
		{AF6ADC42-E0EC-41DA-907F-72ACB96433FC}.Release|x86.Build.0 = Release|Any CPU
		{563F3E2A-7E71-4344-BCC0-60EAAAB03EA8}.Debug|Any CPU.ActiveCfg = Debug|Any CPU
		{563F3E2A-7E71-4344-BCC0-60EAAAB03EA8}.Debug|Any CPU.Build.0 = Debug|Any CPU
		{563F3E2A-7E71-4344-BCC0-60EAAAB03EA8}.Debug|x64.ActiveCfg = Debug|Any CPU
		{563F3E2A-7E71-4344-BCC0-60EAAAB03EA8}.Debug|x64.Build.0 = Debug|Any CPU
		{563F3E2A-7E71-4344-BCC0-60EAAAB03EA8}.Debug|x86.ActiveCfg = Debug|Any CPU
		{563F3E2A-7E71-4344-BCC0-60EAAAB03EA8}.Debug|x86.Build.0 = Debug|Any CPU
		{563F3E2A-7E71-4344-BCC0-60EAAAB03EA8}.Release|Any CPU.ActiveCfg = Release|Any CPU
		{563F3E2A-7E71-4344-BCC0-60EAAAB03EA8}.Release|Any CPU.Build.0 = Release|Any CPU
		{563F3E2A-7E71-4344-BCC0-60EAAAB03EA8}.Release|x64.ActiveCfg = Release|Any CPU
		{563F3E2A-7E71-4344-BCC0-60EAAAB03EA8}.Release|x64.Build.0 = Release|Any CPU
		{563F3E2A-7E71-4344-BCC0-60EAAAB03EA8}.Release|x86.ActiveCfg = Release|Any CPU
		{563F3E2A-7E71-4344-BCC0-60EAAAB03EA8}.Release|x86.Build.0 = Release|Any CPU
		{36A5DBCC-5576-49B9-A7FA-41555382DEB0}.Debug|Any CPU.ActiveCfg = Debug|Any CPU
		{36A5DBCC-5576-49B9-A7FA-41555382DEB0}.Debug|Any CPU.Build.0 = Debug|Any CPU
		{36A5DBCC-5576-49B9-A7FA-41555382DEB0}.Debug|x64.ActiveCfg = Debug|Any CPU
		{36A5DBCC-5576-49B9-A7FA-41555382DEB0}.Debug|x64.Build.0 = Debug|Any CPU
		{36A5DBCC-5576-49B9-A7FA-41555382DEB0}.Debug|x86.ActiveCfg = Debug|Any CPU
		{36A5DBCC-5576-49B9-A7FA-41555382DEB0}.Debug|x86.Build.0 = Debug|Any CPU
		{36A5DBCC-5576-49B9-A7FA-41555382DEB0}.Release|Any CPU.ActiveCfg = Release|Any CPU
		{36A5DBCC-5576-49B9-A7FA-41555382DEB0}.Release|Any CPU.Build.0 = Release|Any CPU
		{36A5DBCC-5576-49B9-A7FA-41555382DEB0}.Release|x64.ActiveCfg = Release|Any CPU
		{36A5DBCC-5576-49B9-A7FA-41555382DEB0}.Release|x64.Build.0 = Release|Any CPU
		{36A5DBCC-5576-49B9-A7FA-41555382DEB0}.Release|x86.ActiveCfg = Release|Any CPU
		{36A5DBCC-5576-49B9-A7FA-41555382DEB0}.Release|x86.Build.0 = Release|Any CPU
		{31849F33-EB40-47BE-B663-38B786EC29D3}.Debug|Any CPU.ActiveCfg = Debug|Any CPU
		{31849F33-EB40-47BE-B663-38B786EC29D3}.Debug|Any CPU.Build.0 = Debug|Any CPU
		{31849F33-EB40-47BE-B663-38B786EC29D3}.Debug|x64.ActiveCfg = Debug|Any CPU
		{31849F33-EB40-47BE-B663-38B786EC29D3}.Debug|x64.Build.0 = Debug|Any CPU
		{31849F33-EB40-47BE-B663-38B786EC29D3}.Debug|x86.ActiveCfg = Debug|Any CPU
		{31849F33-EB40-47BE-B663-38B786EC29D3}.Debug|x86.Build.0 = Debug|Any CPU
		{31849F33-EB40-47BE-B663-38B786EC29D3}.Release|Any CPU.ActiveCfg = Release|Any CPU
		{31849F33-EB40-47BE-B663-38B786EC29D3}.Release|Any CPU.Build.0 = Release|Any CPU
		{31849F33-EB40-47BE-B663-38B786EC29D3}.Release|x64.ActiveCfg = Release|Any CPU
		{31849F33-EB40-47BE-B663-38B786EC29D3}.Release|x64.Build.0 = Release|Any CPU
		{31849F33-EB40-47BE-B663-38B786EC29D3}.Release|x86.ActiveCfg = Release|Any CPU
		{31849F33-EB40-47BE-B663-38B786EC29D3}.Release|x86.Build.0 = Release|Any CPU
	EndGlobalSection
	GlobalSection(SolutionProperties) = preSolution
		HideSolutionNode = FALSE
	EndGlobalSection
	GlobalSection(NestedProjects) = preSolution
		{FD803791-F7AD-4182-8024-F1F0F3EB1694} = {A7B04BA2-703B-4121-9140-E4DAEA47391B}
		{0B2C28B3-2BCC-423E-8909-B2D62B80F072} = {17992CA7-1441-4425-9460-BCC9EAF65D7C}
		{AF6ADC42-E0EC-41DA-907F-72ACB96433FC} = {EADAAC24-AA6C-4161-9A26-E70FCE2DBB9C}
		{563F3E2A-7E71-4344-BCC0-60EAAAB03EA8} = {EADAAC24-AA6C-4161-9A26-E70FCE2DBB9C}
		{36A5DBCC-5576-49B9-A7FA-41555382DEB0} = {17992CA7-1441-4425-9460-BCC9EAF65D7C}
		{31849F33-EB40-47BE-B663-38B786EC29D3} = {90D06992-9D35-455E-BD24-8A9BADE86D93}
	EndGlobalSection
	GlobalSection(ExtensibilityGlobals) = postSolution
		SolutionGuid = {376CC660-9D0D-422F-A6C5-1DAC140B8F28}
	EndGlobalSection
EndGlobal
